
Microsoft Visual Studio Solution File, Format Version 12.00
# Visual Studio Version 17
VisualStudioVersion = 17.6.33815.320
MinimumVisualStudioVersion = 10.0.40219.1
Project("{FAE04EC0-301F-11D3-BF4B-00C04F79EFBC}") = "T0_Project_SantiagoVergara", "T0_Project_SantiagoVergara\T0_Project_SantiagoVergara.csproj", "{14CC64F9-2756-41CF-B770-1ABEBDC2B28F}"
EndProject
Global
	GlobalSection(SolutionConfigurationPlatforms) = preSolution
		Debug|Any CPU = Debug|Any CPU
		Release|Any CPU = Release|Any CPU
	EndGlobalSection
	GlobalSection(ProjectConfigurationPlatforms) = postSolution
		{14CC64F9-2756-41CF-B770-1ABEBDC2B28F}.Debug|Any CPU.ActiveCfg = Debug|Any CPU
		{14CC64F9-2756-41CF-B770-1ABEBDC2B28F}.Debug|Any CPU.Build.0 = Debug|Any CPU
		{14CC64F9-2756-41CF-B770-1ABEBDC2B28F}.Release|Any CPU.ActiveCfg = Release|Any CPU
		{14CC64F9-2756-41CF-B770-1ABEBDC2B28F}.Release|Any CPU.Build.0 = Release|Any CPU
	EndGlobalSection
	GlobalSection(SolutionProperties) = preSolution
		HideSolutionNode = FALSE
	EndGlobalSection
	GlobalSection(ExtensibilityGlobals) = postSolution
		SolutionGuid = {60A76EA7-5EBC-427A-8497-D937C1791C7D}
	EndGlobalSection
EndGlobal
